
Microsoft Visual Studio Solution File, Format Version 12.00
# Visual Studio Version 17
VisualStudioVersion = 17.0.32014.148
MinimumVisualStudioVersion = 10.0.40219.1
Project("{FAE04EC0-301F-11D3-BF4B-00C04F79EFBC}") = "StoreApp.Api", "StoreApp.Api\StoreApp.Api.csproj", "{756FDCC8-DDB0-4435-ACAB-6A1415A30DDA}"
EndProject
Global
	GlobalSection(SolutionConfigurationPlatforms) = preSolution
		Debug|Any CPU = Debug|Any CPU
		Release|Any CPU = Release|Any CPU
	EndGlobalSection
	GlobalSection(ProjectConfigurationPlatforms) = postSolution
		{756FDCC8-DDB0-4435-ACAB-6A1415A30DDA}.Debug|Any CPU.ActiveCfg = Debug|Any CPU
		{756FDCC8-DDB0-4435-ACAB-6A1415A30DDA}.Debug|Any CPU.Build.0 = Debug|Any CPU
		{756FDCC8-DDB0-4435-ACAB-6A1415A30DDA}.Release|Any CPU.ActiveCfg = Release|Any CPU
		{756FDCC8-DDB0-4435-ACAB-6A1415A30DDA}.Release|Any CPU.Build.0 = Release|Any CPU
	EndGlobalSection
	GlobalSection(SolutionProperties) = preSolution
		HideSolutionNode = FALSE
	EndGlobalSection
	GlobalSection(ExtensibilityGlobals) = postSolution
		SolutionGuid = {8240B5E4-A698-4148-AB85-0FC494F815B2}
	EndGlobalSection
EndGlobal
