
Microsoft Visual Studio Solution File, Format Version 12.00
# Visual Studio Version 17
VisualStudioVersion = 17.0.32014.148
MinimumVisualStudioVersion = 10.0.40219.1
Project("{9A19103F-16F7-4668-BE54-9A1E7A4F7556}") = "StoreApp.Api", "StoreApp.Api\StoreApp.Api.csproj", "{756FDCC8-DDB0-4435-ACAB-6A1415A30DDA}"
EndProject
Project("{FAE04EC0-301F-11D3-BF4B-00C04F79EFBC}") = "StoreApp.DataStorage", "StoreApp.DataStorage\StoreApp.DataStorage.csproj", "{6004B4EC-E4C7-4BCE-B226-D28D6B567756}"
EndProject
Project("{FAE04EC0-301F-11D3-BF4B-00C04F79EFBC}") = "StoreApi.Logic", "StoreApi.Logic\StoreApi.Logic.csproj", "{3158984C-84CE-41F1-A2A8-13B3F60A28C8}"
EndProject
Global
	GlobalSection(SolutionConfigurationPlatforms) = preSolution
		Debug|Any CPU = Debug|Any CPU
		Release|Any CPU = Release|Any CPU
	EndGlobalSection
	GlobalSection(ProjectConfigurationPlatforms) = postSolution
		{756FDCC8-DDB0-4435-ACAB-6A1415A30DDA}.Debug|Any CPU.ActiveCfg = Debug|Any CPU
		{756FDCC8-DDB0-4435-ACAB-6A1415A30DDA}.Debug|Any CPU.Build.0 = Debug|Any CPU
		{756FDCC8-DDB0-4435-ACAB-6A1415A30DDA}.Release|Any CPU.ActiveCfg = Release|Any CPU
		{756FDCC8-DDB0-4435-ACAB-6A1415A30DDA}.Release|Any CPU.Build.0 = Release|Any CPU
		{6004B4EC-E4C7-4BCE-B226-D28D6B567756}.Debug|Any CPU.ActiveCfg = Debug|Any CPU
		{6004B4EC-E4C7-4BCE-B226-D28D6B567756}.Debug|Any CPU.Build.0 = Debug|Any CPU
		{6004B4EC-E4C7-4BCE-B226-D28D6B567756}.Release|Any CPU.ActiveCfg = Release|Any CPU
		{6004B4EC-E4C7-4BCE-B226-D28D6B567756}.Release|Any CPU.Build.0 = Release|Any CPU
		{3158984C-84CE-41F1-A2A8-13B3F60A28C8}.Debug|Any CPU.ActiveCfg = Debug|Any CPU
		{3158984C-84CE-41F1-A2A8-13B3F60A28C8}.Debug|Any CPU.Build.0 = Debug|Any CPU
		{3158984C-84CE-41F1-A2A8-13B3F60A28C8}.Release|Any CPU.ActiveCfg = Release|Any CPU
		{3158984C-84CE-41F1-A2A8-13B3F60A28C8}.Release|Any CPU.Build.0 = Release|Any CPU
	EndGlobalSection
	GlobalSection(SolutionProperties) = preSolution
		HideSolutionNode = FALSE
	EndGlobalSection
	GlobalSection(ExtensibilityGlobals) = postSolution
		SolutionGuid = {8240B5E4-A698-4148-AB85-0FC494F815B2}
	EndGlobalSection
EndGlobal
