
Microsoft Visual Studio Solution File, Format Version 12.00
# Visual Studio Version 17
VisualStudioVersion = 17.0.31919.166
MinimumVisualStudioVersion = 10.0.40219.1
Project("{FAE04EC0-301F-11D3-BF4B-00C04F79EFBC}") = "StoreApp.App", "StoreApp.App\StoreApp.App.csproj", "{766325E4-9716-4F5A-B830-9604FA38BA20}"
EndProject
Project("{FAE04EC0-301F-11D3-BF4B-00C04F79EFBC}") = "StoreApp.DataInfrastructure", "StoreApp.DataInfrastructure\StoreApp.DataInfrastructure.csproj", "{666350C0-2395-4D00-98C3-FAF4AC38B714}"
EndProject
Project("{FAE04EC0-301F-11D3-BF4B-00C04F79EFBC}") = "StoreApp.Tests", "StoreApp.Tests\StoreApp.Tests.csproj", "{3BE8DE46-32B4-40C4-90AE-613E02824132}"
EndProject
Project("{FAE04EC0-301F-11D3-BF4B-00C04F79EFBC}") = "StoreApp.Logic", "StoreApp.Logic\StoreApp.Logic.csproj", "{20C6CD5F-986D-4043-B1E6-DCAF6D61CB16}"
EndProject
Global
	GlobalSection(SolutionConfigurationPlatforms) = preSolution
		Debug|Any CPU = Debug|Any CPU
		Release|Any CPU = Release|Any CPU
	EndGlobalSection
	GlobalSection(ProjectConfigurationPlatforms) = postSolution
		{766325E4-9716-4F5A-B830-9604FA38BA20}.Debug|Any CPU.ActiveCfg = Debug|Any CPU
		{766325E4-9716-4F5A-B830-9604FA38BA20}.Debug|Any CPU.Build.0 = Debug|Any CPU
		{766325E4-9716-4F5A-B830-9604FA38BA20}.Release|Any CPU.ActiveCfg = Release|Any CPU
		{766325E4-9716-4F5A-B830-9604FA38BA20}.Release|Any CPU.Build.0 = Release|Any CPU
		{666350C0-2395-4D00-98C3-FAF4AC38B714}.Debug|Any CPU.ActiveCfg = Debug|Any CPU
		{666350C0-2395-4D00-98C3-FAF4AC38B714}.Debug|Any CPU.Build.0 = Debug|Any CPU
		{666350C0-2395-4D00-98C3-FAF4AC38B714}.Release|Any CPU.ActiveCfg = Release|Any CPU
		{666350C0-2395-4D00-98C3-FAF4AC38B714}.Release|Any CPU.Build.0 = Release|Any CPU
		{3BE8DE46-32B4-40C4-90AE-613E02824132}.Debug|Any CPU.ActiveCfg = Debug|Any CPU
		{3BE8DE46-32B4-40C4-90AE-613E02824132}.Debug|Any CPU.Build.0 = Debug|Any CPU
		{3BE8DE46-32B4-40C4-90AE-613E02824132}.Release|Any CPU.ActiveCfg = Release|Any CPU
		{3BE8DE46-32B4-40C4-90AE-613E02824132}.Release|Any CPU.Build.0 = Release|Any CPU
		{20C6CD5F-986D-4043-B1E6-DCAF6D61CB16}.Debug|Any CPU.ActiveCfg = Debug|Any CPU
		{20C6CD5F-986D-4043-B1E6-DCAF6D61CB16}.Debug|Any CPU.Build.0 = Debug|Any CPU
		{20C6CD5F-986D-4043-B1E6-DCAF6D61CB16}.Release|Any CPU.ActiveCfg = Release|Any CPU
		{20C6CD5F-986D-4043-B1E6-DCAF6D61CB16}.Release|Any CPU.Build.0 = Release|Any CPU
	EndGlobalSection
	GlobalSection(SolutionProperties) = preSolution
		HideSolutionNode = FALSE
	EndGlobalSection
	GlobalSection(ExtensibilityGlobals) = postSolution
		SolutionGuid = {57A5E088-5A95-4240-9F87-063898BA8BC5}
	EndGlobalSection
EndGlobal
